{
  "version": 4,
  "terraform_version": "1.11.4",
  "serial": 761,
  "lineage": "804e96a1-6beb-d232-cf8d-eb0abe76845d",
  "outputs": {},
  "resources": [
    {
      "mode": "data",
      "type": "keycloak_openid_client",
      "name": "realm_management",
      "provider": "provider[\"registry.terraform.io/keycloak/keycloak\"]",
      "instances": [
        {
          "schema_version": 0,
          "attributes": {
            "access_token_lifespan": "",
            "access_type": "BEARER-ONLY",
            "admin_url": "",
            "always_display_in_console": false,
            "authentication_flow_binding_overrides": [],
            "authorization": [],
            "backchannel_logout_revoke_offline_sessions": false,
            "backchannel_logout_session_required": false,
            "backchannel_logout_url": "",
            "base_url": "",
            "client_authenticator_type": "client-secret",
            "client_id": "realm-management",
            "client_offline_session_idle_timeout": "",
            "client_offline_session_max_lifespan": "",
            "client_secret": "",
            "client_session_idle_timeout": "",
            "client_session_max_lifespan": "",
            "consent_required": false,
            "consent_screen_text": "",
            "description": "",
            "direct_access_grants_enabled": false,
            "display_on_consent_screen": false,
            "enabled": true,
            "exclude_issuer_from_auth_response": null,
            "exclude_session_state_from_auth_response": null,
            "extra_config": {
              "realm_client": "true"
            },
            "frontchannel_logout_enabled": false,
            "frontchannel_logout_url": "",
            "full_scope_allowed": false,
            "id": "36c2f5e9-5d98-4a11-be37-7d2769fd2ba2",
            "implicit_flow_enabled": false,
            "login_theme": "",
            "name": "${client_realm-management}",
            "oauth2_device_authorization_grant_enabled": false,
            "oauth2_device_code_lifespan": "",
            "oauth2_device_polling_interval": "",
            "pkce_code_challenge_method": null,
            "realm_id": "autentica_realm",
            "resource_server_id": null,
            "root_url": "",
            "service_account_user_id": "",
            "service_accounts_enabled": false,
            "standard_flow_enabled": true,
            "use_refresh_tokens": false,
            "use_refresh_tokens_client_credentials": false,
            "valid_post_logout_redirect_uris": [],
            "valid_redirect_uris": [],
            "web_origins": []
          },
          "sensitive_attributes": [
            [
              {
                "type": "get_attr",
                "value": "client_secret"
              }
            ]
          ]
        }
      ]
    },
    {
      "mode": "data",
      "type": "keycloak_role",
      "name": "default_roles",
      "provider": "provider[\"registry.terraform.io/keycloak/keycloak\"]",
      "instances": [
        {
          "schema_version": 0,
          "attributes": {
            "attributes": {},
            "client_id": "",
            "composite_roles": [],
            "description": "${role_default-roles}",
            "id": "362b5b38-39a6-4179-acd2-4ba84de01ea2",
            "name": "default-roles-autentica_realm",
            "realm_id": "autentica_realm"
          },
          "sensitive_attributes": []
        }
      ]
    },
    {
      "mode": "managed",
      "type": "keycloak_authentication_execution",
      "name": "totp_condition",
      "provider": "provider[\"registry.terraform.io/keycloak/keycloak\"]",
      "instances": [
        {
          "schema_version": 0,
          "attributes": {
            "authenticator": "auth-otp-form",
            "id": "c341dc40-e6a1-4d2b-b5d6-6dd17a718c34",
            "parent_flow_alias": "subflow-totp-check",
            "priority": 0,
            "realm_id": "autentica_realm",
            "requirement": "REQUIRED"
          },
          "sensitive_attributes": [],
          "private": "bnVsbA==",
          "dependencies": [
            "keycloak_authentication_flow.custom_browser",
            "keycloak_authentication_subflow.subflow_totp",
            "keycloak_realm.autentica_realm"
          ]
        }
      ]
    },
    {
      "mode": "managed",
      "type": "keycloak_authentication_execution",
      "name": "username_password",
      "provider": "provider[\"registry.terraform.io/keycloak/keycloak\"]",
      "instances": [
        {
          "schema_version": 0,
          "attributes": {
            "authenticator": "auth-username-password-form",
            "id": "f91bf6c8-b990-45a8-80b8-bc051d24cd90",
            "parent_flow_alias": "OTP-browser",
            "priority": 0,
            "realm_id": "autentica_realm",
            "requirement": "REQUIRED"
          },
          "sensitive_attributes": [],
          "private": "bnVsbA==",
          "dependencies": [
            "keycloak_authentication_flow.custom_browser",
            "keycloak_realm.autentica_realm"
          ]
        }
      ]
    },
    {
      "mode": "managed",
      "type": "keycloak_authentication_execution_config",
      "name": "totp",
      "provider": "provider[\"registry.terraform.io/keycloak/keycloak\"]",
      "instances": [
        {
          "schema_version": 0,
          "attributes": {
            "alias": "no_flow_authentica",
            "config": {},
            "execution_id": "c341dc40-e6a1-4d2b-b5d6-6dd17a718c34",
            "id": "859bc450-4d88-4812-b2c8-64f4ab89cf8f",
            "realm_id": "autentica_realm"
          },
          "sensitive_attributes": [],
          "private": "bnVsbA==",
          "dependencies": [
            "keycloak_authentication_execution.totp_condition",
            "keycloak_authentication_flow.custom_browser",
            "keycloak_authentication_subflow.subflow_totp",
            "keycloak_realm.autentica_realm"
          ]
        }
      ]
    },
    {
      "mode": "managed",
      "type": "keycloak_authentication_flow",
      "name": "custom_browser",
      "provider": "provider[\"registry.terraform.io/keycloak/keycloak\"]",
      "instances": [
        {
          "schema_version": 0,
          "attributes": {
            "alias": "OTP-browser",
            "description": "Fluxo com TOTP opcional",
            "id": "1710c762-6d71-4349-83bf-f600d85c2d1d",
            "provider_id": "basic-flow",
            "realm_id": "autentica_realm"
          },
          "sensitive_attributes": [],
          "private": "bnVsbA==",
          "dependencies": [
            "keycloak_realm.autentica_realm"
          ]
        }
      ]
    },
    {
      "mode": "managed",
      "type": "keycloak_authentication_subflow",
      "name": "subflow_totp",
      "provider": "provider[\"registry.terraform.io/keycloak/keycloak\"]",
      "instances": [
        {
          "schema_version": 0,
          "attributes": {
            "alias": "subflow-totp-check",
            "authenticator": "",
            "description": "",
            "id": "7e5718f3-73c1-49eb-a419-6ffe916a46ea",
            "parent_flow_alias": "OTP-browser",
            "priority": 0,
            "provider_id": "basic-flow",
            "realm_id": "autentica_realm",
            "requirement": "ALTERNATIVE"
          },
          "sensitive_attributes": [],
          "private": "bnVsbA==",
          "dependencies": [
            "keycloak_authentication_flow.custom_browser",
            "keycloak_realm.autentica_realm"
          ]
        }
      ]
    },
    {
      "mode": "managed",
      "type": "keycloak_group",
      "name": "nivel_alto",
      "provider": "provider[\"registry.terraform.io/keycloak/keycloak\"]",
      "instances": [
        {
          "schema_version": 0,
          "attributes": {
            "attributes": {
              "nivel_acesso": "alto"
            },
            "id": "a6de7cf7-caa1-4141-a02d-1020ff006418",
            "name": "nivel_alto",
            "parent_id": null,
            "path": "/nivel_alto",
            "realm_id": "autentica_realm"
          },
          "sensitive_attributes": [],
          "private": "bnVsbA==",
          "dependencies": [
            "keycloak_realm.autentica_realm"
          ]
        }
      ]
    },
    {
      "mode": "managed",
      "type": "keycloak_group",
      "name": "nivel_baixo",
      "provider": "provider[\"registry.terraform.io/keycloak/keycloak\"]",
      "instances": [
        {
          "schema_version": 0,
          "attributes": {
            "attributes": {
              "nivel_acesso": "baixo"
            },
            "id": "48ee1973-856d-46ad-8ca3-89f905e201c4",
            "name": "nivel_baixo",
            "parent_id": null,
            "path": "/nivel_baixo",
            "realm_id": "autentica_realm"
          },
          "sensitive_attributes": [],
          "private": "bnVsbA==",
          "dependencies": [
            "keycloak_realm.autentica_realm"
          ]
        }
      ]
    },
    {
      "mode": "managed",
      "type": "keycloak_group_memberships",
      "name": "joao_em_nivel_alto",
      "provider": "provider[\"registry.terraform.io/keycloak/keycloak\"]",
      "instances": [
        {
          "schema_version": 0,
          "attributes": {
            "group_id": "a6de7cf7-caa1-4141-a02d-1020ff006418",
            "id": "autentica_realm/group-memberships/a6de7cf7-caa1-4141-a02d-1020ff006418",
            "members": [
              "joao"
            ],
            "realm_id": "autentica_realm"
          },
          "sensitive_attributes": [],
          "private": "bnVsbA==",
          "dependencies": [
            "keycloak_group.nivel_alto",
            "keycloak_realm.autentica_realm",
            "keycloak_user.joao"
          ]
        }
      ]
    },
    {
      "mode": "managed",
      "type": "keycloak_group_memberships",
      "name": "joaquina_em_nivel_baixo",
      "provider": "provider[\"registry.terraform.io/keycloak/keycloak\"]",
      "instances": [
        {
          "schema_version": 0,
          "attributes": {
            "group_id": "48ee1973-856d-46ad-8ca3-89f905e201c4",
            "id": "autentica_realm/group-memberships/48ee1973-856d-46ad-8ca3-89f905e201c4",
            "members": [
              "joaquina"
            ],
            "realm_id": "autentica_realm"
          },
          "sensitive_attributes": [],
          "private": "bnVsbA==",
          "dependencies": [
            "keycloak_group.nivel_baixo",
            "keycloak_realm.autentica_realm",
            "keycloak_user.joaquina"
          ]
        }
      ]
    },
    {
      "mode": "managed",
      "type": "keycloak_openid_client",
      "name": "client_registrador",
      "provider": "provider[\"registry.terraform.io/keycloak/keycloak\"]",
      "instances": [
        {
          "schema_version": 0,
          "attributes": {
            "access_token_lifespan": "",
            "access_type": "CONFIDENTIAL",
            "admin_url": "",
            "always_display_in_console": false,
            "authentication_flow_binding_overrides": [],
            "authorization": [],
            "backchannel_logout_revoke_offline_sessions": false,
            "backchannel_logout_session_required": true,
            "backchannel_logout_url": "",
            "base_url": "",
            "client_authenticator_type": "client-secret",
            "client_id": "registrador",
            "client_offline_session_idle_timeout": "",
            "client_offline_session_max_lifespan": "",
            "client_secret": "secretKey",
            "client_session_idle_timeout": "",
            "client_session_max_lifespan": "",
            "consent_required": false,
            "consent_screen_text": "",
            "description": "",
            "direct_access_grants_enabled": false,
            "display_on_consent_screen": false,
            "enabled": true,
            "exclude_issuer_from_auth_response": null,
            "exclude_session_state_from_auth_response": null,
            "extra_config": {},
            "frontchannel_logout_enabled": false,
            "frontchannel_logout_url": "",
            "full_scope_allowed": true,
            "id": "02d60fea-120c-42c6-b751-11c3cc867cb4",
            "implicit_flow_enabled": false,
            "import": false,
            "login_theme": "",
            "name": "Client Registrador",
            "oauth2_device_authorization_grant_enabled": false,
            "oauth2_device_code_lifespan": "",
            "oauth2_device_polling_interval": "",
            "pkce_code_challenge_method": null,
            "realm_id": "autentica_realm",
            "resource_server_id": null,
            "root_url": "",
            "service_account_user_id": "b636b6c1-2115-4ae3-8227-2d382d076c3e",
            "service_accounts_enabled": true,
            "standard_flow_enabled": false,
            "use_refresh_tokens": true,
            "use_refresh_tokens_client_credentials": false,
            "valid_post_logout_redirect_uris": [],
            "valid_redirect_uris": [],
            "web_origins": []
          },
          "sensitive_attributes": [
            [
              {
                "type": "get_attr",
                "value": "client_secret"
              }
            ]
          ],
          "private": "bnVsbA==",
          "dependencies": [
            "keycloak_realm.autentica_realm"
          ]
        }
      ]
    },
    {
      "mode": "managed",
      "type": "keycloak_openid_client",
      "name": "cliente_web",
      "provider": "provider[\"registry.terraform.io/keycloak/keycloak\"]",
      "instances": [
        {
          "schema_version": 0,
          "attributes": {
            "access_token_lifespan": "",
            "access_type": "PUBLIC",
            "admin_url": "",
            "always_display_in_console": false,
            "authentication_flow_binding_overrides": [],
            "authorization": [],
            "backchannel_logout_revoke_offline_sessions": false,
            "backchannel_logout_session_required": true,
            "backchannel_logout_url": "",
            "base_url": "",
            "client_authenticator_type": "client-secret",
            "client_id": "oidc-aplicacao",
            "client_offline_session_idle_timeout": "",
            "client_offline_session_max_lifespan": "",
            "client_secret": "",
            "client_session_idle_timeout": "",
            "client_session_max_lifespan": "",
            "consent_required": false,
            "consent_screen_text": "",
            "description": "",
            "direct_access_grants_enabled": true,
            "display_on_consent_screen": false,
            "enabled": true,
            "exclude_issuer_from_auth_response": null,
            "exclude_session_state_from_auth_response": null,
            "extra_config": {},
            "frontchannel_logout_enabled": false,
            "frontchannel_logout_url": "",
            "full_scope_allowed": true,
            "id": "ae4b4663-62d2-437c-84d5-2b6a59323ebf",
            "implicit_flow_enabled": false,
            "import": false,
            "login_theme": "",
            "name": "oidc Aplicação",
            "oauth2_device_authorization_grant_enabled": false,
            "oauth2_device_code_lifespan": "",
            "oauth2_device_polling_interval": "",
            "pkce_code_challenge_method": null,
            "realm_id": "autentica_realm",
            "resource_server_id": null,
            "root_url": "http://localhost:3000",
            "service_account_user_id": "",
            "service_accounts_enabled": false,
            "standard_flow_enabled": true,
            "use_refresh_tokens": true,
            "use_refresh_tokens_client_credentials": false,
            "valid_post_logout_redirect_uris": [
              "http://localhost:8000/logout-success.php"
            ],
            "valid_redirect_uris": [
              "http://localhost:8000/*",
              "http://localhost:8000/callback.php"
            ],
            "web_origins": [
              "+"
            ]
          },
          "sensitive_attributes": [
            [
              {
                "type": "get_attr",
                "value": "client_secret"
              }
            ]
          ],
          "private": "bnVsbA==",
          "dependencies": [
            "keycloak_realm.autentica_realm"
          ]
        }
      ]
    },
    {
      "mode": "managed",
      "type": "keycloak_openid_client",
      "name": "dynamic_client_registration",
      "provider": "provider[\"registry.terraform.io/keycloak/keycloak\"]",
      "instances": [
        {
          "schema_version": 0,
          "attributes": {
            "access_token_lifespan": "",
            "access_type": "PUBLIC",
            "admin_url": "",
            "always_display_in_console": false,
            "authentication_flow_binding_overrides": [],
            "authorization": [],
            "backchannel_logout_revoke_offline_sessions": false,
            "backchannel_logout_session_required": true,
            "backchannel_logout_url": "",
            "base_url": "",
            "client_authenticator_type": "client-secret",
            "client_id": "dynamic-client-registration",
            "client_offline_session_idle_timeout": "",
            "client_offline_session_max_lifespan": "",
            "client_secret": "",
            "client_session_idle_timeout": "",
            "client_session_max_lifespan": "",
            "consent_required": false,
            "consent_screen_text": "",
            "description": "",
            "direct_access_grants_enabled": true,
            "display_on_consent_screen": false,
            "enabled": true,
            "exclude_issuer_from_auth_response": null,
            "exclude_session_state_from_auth_response": null,
            "extra_config": {},
            "frontchannel_logout_enabled": false,
            "frontchannel_logout_url": "",
            "full_scope_allowed": true,
            "id": "8790f918-75dc-4f19-8d8b-ce3bbae20072",
            "implicit_flow_enabled": false,
            "import": false,
            "login_theme": "",
            "name": "Dynamic Client Registration",
            "oauth2_device_authorization_grant_enabled": false,
            "oauth2_device_code_lifespan": "",
            "oauth2_device_polling_interval": "",
            "pkce_code_challenge_method": null,
            "realm_id": "autentica_realm",
            "resource_server_id": null,
            "root_url": "",
            "service_account_user_id": "",
            "service_accounts_enabled": false,
            "standard_flow_enabled": true,
            "use_refresh_tokens": true,
            "use_refresh_tokens_client_credentials": false,
            "valid_post_logout_redirect_uris": [],
            "valid_redirect_uris": [
              "http://localhost:3000/callback"
            ],
            "web_origins": []
          },
          "sensitive_attributes": [
            [
              {
                "type": "get_attr",
                "value": "client_secret"
              }
            ]
          ],
          "private": "bnVsbA==",
          "dependencies": [
            "keycloak_realm.autentica_realm"
          ]
        }
      ]
    },
    {
      "mode": "managed",
      "type": "keycloak_openid_client_service_account_role",
      "name": "registrador_manage_clients",
      "provider": "provider[\"registry.terraform.io/keycloak/keycloak\"]",
      "instances": [
        {
          "schema_version": 0,
          "attributes": {
            "client_id": "36c2f5e9-5d98-4a11-be37-7d2769fd2ba2",
            "id": "b636b6c1-2115-4ae3-8227-2d382d076c3e/2b1ba613-73ed-4f2d-9ece-7a4f2d5a32ed",
            "realm_id": "autentica_realm",
            "role": "manage-clients",
            "service_account_user_id": "b636b6c1-2115-4ae3-8227-2d382d076c3e"
          },
          "sensitive_attributes": [],
          "private": "bnVsbA==",
          "dependencies": [
            "data.keycloak_openid_client.realm_management",
            "keycloak_openid_client.client_registrador",
            "keycloak_realm.autentica_realm"
          ]
        }
      ]
    },
    {
      "mode": "managed",
      "type": "keycloak_openid_user_attribute_protocol_mapper",
      "name": "nivel_acesso_mapper",
      "provider": "provider[\"registry.terraform.io/keycloak/keycloak\"]",
      "instances": [
        {
          "schema_version": 0,
          "attributes": {
            "add_to_access_token": true,
            "add_to_id_token": true,
            "add_to_userinfo": true,
            "aggregate_attributes": false,
            "claim_name": "nivel_acesso",
            "claim_value_type": "String",
            "client_id": "ae4b4663-62d2-437c-84d5-2b6a59323ebf",
            "client_scope_id": null,
            "id": "d0968a47-78e3-44fc-9a25-d805e80a6312",
            "multivalued": false,
            "name": "nivel_acesso",
            "realm_id": "autentica_realm",
            "user_attribute": "nivel_acesso"
          },
          "sensitive_attributes": [],
          "private": "bnVsbA==",
          "dependencies": [
            "keycloak_openid_client.cliente_web",
            "keycloak_realm.autentica_realm"
          ]
        }
      ]
    },
    {
      "mode": "managed",
      "type": "keycloak_realm",
      "name": "autentica_realm",
      "provider": "provider[\"registry.terraform.io/keycloak/keycloak\"]",
      "instances": [
        {
          "schema_version": 0,
          "attributes": {
            "access_code_lifespan": "1m0s",
            "access_code_lifespan_login": "30m0s",
            "access_code_lifespan_user_action": "5m0s",
            "access_token_lifespan": "5m0s",
            "access_token_lifespan_for_implicit_flow": "15m0s",
            "account_theme": "",
            "action_token_generated_by_admin_lifespan": "12h0m0s",
            "action_token_generated_by_user_lifespan": "5m0s",
            "admin_theme": "",
            "attributes": {},
            "browser_flow": "browser",
            "client_authentication_flow": "clients",
            "client_session_idle_timeout": "0s",
            "client_session_max_lifespan": "0s",
            "default_default_client_scopes": [],
            "default_optional_client_scopes": [],
            "default_signature_algorithm": "",
            "direct_grant_flow": "direct grant",
            "display_name": "",
            "display_name_html": "",
            "docker_authentication_flow": "docker auth",
            "duplicate_emails_allowed": false,
            "edit_username_allowed": true,
            "email_theme": "",
            "enabled": true,
            "first_broker_login_flow": "first broker login",
            "id": "autentica_realm",
            "internal_id": "autentica_realm",
            "internationalization": [],
            "login_theme": "keycloak",
            "login_with_email_allowed": true,
            "oauth2_device_code_lifespan": "10m0s",
            "oauth2_device_polling_interval": 5,
            "offline_session_idle_timeout": "720h0m0s",
            "offline_session_max_lifespan": "1440h0m0s",
            "offline_session_max_lifespan_enabled": false,
            "organizations_enabled": false,
            "otp_policy": [
              {
                "algorithm": "HmacSHA1",
                "digits": 6,
                "initial_counter": 0,
                "look_ahead_window": 1,
                "period": 30,
                "type": "totp"
              }
            ],
            "password_policy": "",
            "realm": "autentica_realm",
            "refresh_token_max_reuse": 0,
            "registration_allowed": true,
            "registration_email_as_username": false,
            "registration_flow": "registration",
            "remember_me": true,
            "reset_credentials_flow": "reset credentials",
            "reset_password_allowed": true,
            "revoke_refresh_token": false,
            "security_defenses": [],
            "smtp_server": [],
            "ssl_required": "external",
            "sso_session_idle_timeout": "30m0s",
            "sso_session_idle_timeout_remember_me": "0s",
            "sso_session_max_lifespan": "10h0m0s",
            "sso_session_max_lifespan_remember_me": "0s",
            "user_managed_access": false,
            "verify_email": false,
            "web_authn_passwordless_policy": [
              {
                "acceptable_aaguids": [],
                "attestation_conveyance_preference": "not specified",
                "authenticator_attachment": "not specified",
                "avoid_same_authenticator_register": false,
                "create_timeout": 0,
                "extra_origins": [],
                "relying_party_entity_name": "keycloak",
                "relying_party_id": "",
                "require_resident_key": "not specified",
                "signature_algorithms": [
                  "ES256",
                  "RS256"
                ],
                "user_verification_requirement": "not specified"
              }
            ],
            "web_authn_policy": [
              {
                "acceptable_aaguids": [],
                "attestation_conveyance_preference": "not specified",
                "authenticator_attachment": "not specified",
                "avoid_same_authenticator_register": false,
                "create_timeout": 0,
                "extra_origins": [],
                "relying_party_entity_name": "keycloak",
                "relying_party_id": "",
                "require_resident_key": "not specified",
                "signature_algorithms": [
                  "ES256",
                  "RS256"
                ],
                "user_verification_requirement": "not specified"
              }
            ]
          },
          "sensitive_attributes": [],
          "private": "bnVsbA=="
        }
      ]
    },
    {
      "mode": "managed",
      "type": "keycloak_user",
      "name": "joao",
      "provider": "provider[\"registry.terraform.io/keycloak/keycloak\"]",
      "instances": [
        {
          "schema_version": 0,
          "attributes": {
            "attributes": {
              "nivel_acesso": "alto"
            },
            "email": "joao@user.com",
            "email_verified": false,
            "enabled": true,
            "federated_identity": [],
            "first_name": "João",
            "id": "f58a1b63-30a4-4940-940c-7d15e09c2873",
            "import": false,
            "initial_password": [
              {
                "temporary": false,
                "value": "123"
              }
            ],
            "last_name": "Silva",
            "realm_id": "autentica_realm",
            "required_actions": [],
            "username": "joao"
          },
          "sensitive_attributes": [
            [
              {
                "type": "get_attr",
                "value": "initial_password"
              },
              {
                "type": "index",
                "value": {
                  "value": 0,
                  "type": "number"
                }
              },
              {
                "type": "get_attr",
                "value": "value"
              }
            ]
          ],
          "private": "bnVsbA==",
          "dependencies": [
            "keycloak_realm.autentica_realm"
          ]
        }
      ]
    },
    {
      "mode": "managed",
      "type": "keycloak_user",
      "name": "joaquina",
      "provider": "provider[\"registry.terraform.io/keycloak/keycloak\"]",
      "instances": [
        {
          "schema_version": 0,
          "attributes": {
            "attributes": {
              "nivel_acesso": "baixo"
            },
            "email": "joaquina@user.com",
            "email_verified": false,
            "enabled": true,
            "federated_identity": [],
            "first_name": "Joaquina",
            "id": "06269d6b-b81c-44fe-b52c-673c7daad33d",
            "import": false,
            "initial_password": [
              {
                "temporary": false,
                "value": "1234"
              }
            ],
            "last_name": "Oliveira",
            "realm_id": "autentica_realm",
            "required_actions": [],
            "username": "joaquina"
          },
          "sensitive_attributes": [
            [
              {
                "type": "get_attr",
                "value": "initial_password"
              },
              {
                "type": "index",
                "value": {
                  "value": 0,
                  "type": "number"
                }
              },
              {
                "type": "get_attr",
                "value": "value"
              }
            ]
          ],
          "private": "bnVsbA==",
          "dependencies": [
            "keycloak_realm.autentica_realm"
          ]
        }
      ]
    },
    {
      "mode": "managed",
      "type": "keycloak_user_roles",
      "name": "joao_roles",
      "provider": "provider[\"registry.terraform.io/keycloak/keycloak\"]",
      "instances": [
        {
          "schema_version": 0,
          "attributes": {
            "exhaustive": true,
            "id": "autentica_realm/f58a1b63-30a4-4940-940c-7d15e09c2873",
            "realm_id": "autentica_realm",
            "role_ids": [
              "362b5b38-39a6-4179-acd2-4ba84de01ea2"
            ],
            "user_id": "f58a1b63-30a4-4940-940c-7d15e09c2873"
          },
          "sensitive_attributes": [],
          "private": "bnVsbA==",
          "dependencies": [
            "data.keycloak_role.default_roles",
            "keycloak_realm.autentica_realm",
            "keycloak_user.joao"
          ]
        }
      ]
    },
    {
      "mode": "managed",
      "type": "keycloak_user_roles",
      "name": "joaquina_roles",
      "provider": "provider[\"registry.terraform.io/keycloak/keycloak\"]",
      "instances": [
        {
          "schema_version": 0,
          "attributes": {
            "exhaustive": true,
            "id": "autentica_realm/06269d6b-b81c-44fe-b52c-673c7daad33d",
            "realm_id": "autentica_realm",
            "role_ids": [
              "362b5b38-39a6-4179-acd2-4ba84de01ea2"
            ],
            "user_id": "06269d6b-b81c-44fe-b52c-673c7daad33d"
          },
          "sensitive_attributes": [],
          "private": "bnVsbA==",
          "dependencies": [
            "data.keycloak_role.default_roles",
            "keycloak_realm.autentica_realm",
            "keycloak_user.joaquina"
          ]
        }
      ]
    }
  ],
  "check_results": null
}
