{
  "version": 4,
  "terraform_version": "1.11.4",
  "serial": 551,
  "lineage": "804e96a1-6beb-d232-cf8d-eb0abe76845d",
  "outputs": {},
  "resources": [
    {
      "mode": "data",
      "type": "keycloak_openid_client",
      "name": "realm_management",
      "provider": "provider[\"registry.terraform.io/keycloak/keycloak\"]",
      "instances": [
        {
          "schema_version": 0,
          "attributes": {
            "access_token_lifespan": "",
            "access_type": "BEARER-ONLY",
            "admin_url": "",
            "always_display_in_console": false,
            "authentication_flow_binding_overrides": [],
            "authorization": [],
            "backchannel_logout_revoke_offline_sessions": false,
            "backchannel_logout_session_required": false,
            "backchannel_logout_url": "",
            "base_url": "",
            "client_authenticator_type": "client-secret",
            "client_id": "realm-management",
            "client_offline_session_idle_timeout": "",
            "client_offline_session_max_lifespan": "",
            "client_secret": "",
            "client_session_idle_timeout": "",
            "client_session_max_lifespan": "",
            "consent_required": false,
            "consent_screen_text": "",
            "description": "",
            "direct_access_grants_enabled": false,
            "display_on_consent_screen": false,
            "enabled": true,
            "exclude_issuer_from_auth_response": null,
            "exclude_session_state_from_auth_response": null,
            "extra_config": {
              "realm_client": "true"
            },
            "frontchannel_logout_enabled": false,
            "frontchannel_logout_url": "",
            "full_scope_allowed": false,
            "id": "b6341253-c5aa-4247-af4b-48a2877a2b36",
            "implicit_flow_enabled": false,
            "login_theme": "",
            "name": "${client_realm-management}",
            "oauth2_device_authorization_grant_enabled": false,
            "oauth2_device_code_lifespan": "",
            "oauth2_device_polling_interval": "",
            "pkce_code_challenge_method": null,
            "realm_id": "autentica_realm",
            "resource_server_id": null,
            "root_url": "",
            "service_account_user_id": "",
            "service_accounts_enabled": false,
            "standard_flow_enabled": true,
            "use_refresh_tokens": false,
            "use_refresh_tokens_client_credentials": false,
            "valid_post_logout_redirect_uris": [],
            "valid_redirect_uris": [],
            "web_origins": []
          },
          "sensitive_attributes": [
            [
              {
                "type": "get_attr",
                "value": "client_secret"
              }
            ]
          ]
        }
      ]
    },
    {
      "mode": "data",
      "type": "keycloak_role",
      "name": "default_roles",
      "provider": "provider[\"registry.terraform.io/keycloak/keycloak\"]",
      "instances": [
        {
          "schema_version": 0,
          "attributes": {
            "attributes": {},
            "client_id": "",
            "composite_roles": [],
            "description": "${role_default-roles}",
            "id": "e891916e-4c6f-4001-948a-b280b4b8cd47",
            "name": "default-roles-autentica_realm",
            "realm_id": "autentica_realm"
          },
          "sensitive_attributes": []
        }
      ]
    },
    {
      "mode": "managed",
      "type": "keycloak_authentication_execution",
      "name": "totp_condition",
      "provider": "provider[\"registry.terraform.io/keycloak/keycloak\"]",
      "instances": [
        {
          "schema_version": 0,
          "attributes": {
            "authenticator": "auth-otp-form",
            "id": "b942c0d9-ef85-4680-8d97-589bf6a10d68",
            "parent_flow_alias": "subflow-totp-check",
            "priority": 0,
            "realm_id": "autentica_realm",
            "requirement": "REQUIRED"
          },
          "sensitive_attributes": [],
          "private": "bnVsbA==",
          "dependencies": [
            "keycloak_authentication_flow.custom_browser",
            "keycloak_authentication_subflow.subflow_totp",
            "keycloak_realm.autentica_realm"
          ]
        }
      ]
    },
    {
      "mode": "managed",
      "type": "keycloak_authentication_execution",
      "name": "username_password",
      "provider": "provider[\"registry.terraform.io/keycloak/keycloak\"]",
      "instances": [
        {
          "schema_version": 0,
          "attributes": {
            "authenticator": "auth-username-password-form",
            "id": "585a5d6a-aed0-4021-970a-c5db18276b8a",
            "parent_flow_alias": "OTP-browser",
            "priority": 0,
            "realm_id": "autentica_realm",
            "requirement": "REQUIRED"
          },
          "sensitive_attributes": [],
          "private": "bnVsbA==",
          "dependencies": [
            "keycloak_authentication_flow.custom_browser",
            "keycloak_realm.autentica_realm"
          ]
        }
      ]
    },
    {
      "mode": "managed",
      "type": "keycloak_authentication_execution_config",
      "name": "totp",
      "provider": "provider[\"registry.terraform.io/keycloak/keycloak\"]",
      "instances": [
        {
          "schema_version": 0,
          "attributes": {
            "alias": "no_flow_authentica",
            "config": {},
            "execution_id": "b942c0d9-ef85-4680-8d97-589bf6a10d68",
            "id": "bb8fbf3a-53ec-46ba-88a1-341339358cb2",
            "realm_id": "autentica_realm"
          },
          "sensitive_attributes": [],
          "private": "bnVsbA==",
          "dependencies": [
            "keycloak_authentication_execution.totp_condition",
            "keycloak_authentication_flow.custom_browser",
            "keycloak_authentication_subflow.subflow_totp",
            "keycloak_realm.autentica_realm"
          ]
        }
      ]
    },
    {
      "mode": "managed",
      "type": "keycloak_authentication_flow",
      "name": "custom_browser",
      "provider": "provider[\"registry.terraform.io/keycloak/keycloak\"]",
      "instances": [
        {
          "schema_version": 0,
          "attributes": {
            "alias": "OTP-browser",
            "description": "Fluxo com TOTP opcional",
            "id": "22550ab7-faa4-4f0a-bb07-0cf9b80a6db3",
            "provider_id": "basic-flow",
            "realm_id": "autentica_realm"
          },
          "sensitive_attributes": [],
          "private": "bnVsbA==",
          "dependencies": [
            "keycloak_realm.autentica_realm"
          ]
        }
      ]
    },
    {
      "mode": "managed",
      "type": "keycloak_authentication_subflow",
      "name": "subflow_totp",
      "provider": "provider[\"registry.terraform.io/keycloak/keycloak\"]",
      "instances": [
        {
          "schema_version": 0,
          "attributes": {
            "alias": "subflow-totp-check",
            "authenticator": "",
            "description": "",
            "id": "5948e1ef-8c1a-4580-a9af-2b331eb47e79",
            "parent_flow_alias": "OTP-browser",
            "priority": 0,
            "provider_id": "basic-flow",
            "realm_id": "autentica_realm",
            "requirement": "ALTERNATIVE"
          },
          "sensitive_attributes": [],
          "private": "bnVsbA==",
          "dependencies": [
            "keycloak_authentication_flow.custom_browser",
            "keycloak_realm.autentica_realm"
          ]
        }
      ]
    },
    {
      "mode": "managed",
      "type": "keycloak_group",
      "name": "nivel_alto",
      "provider": "provider[\"registry.terraform.io/keycloak/keycloak\"]",
      "instances": [
        {
          "schema_version": 0,
          "attributes": {
            "attributes": {
              "nivel_acesso": "alto"
            },
            "id": "faac1930-6616-428a-b973-7d6194a7b15e",
            "name": "nivel_alto",
            "parent_id": null,
            "path": "/nivel_alto",
            "realm_id": "autentica_realm"
          },
          "sensitive_attributes": [],
          "private": "bnVsbA==",
          "dependencies": [
            "keycloak_realm.autentica_realm"
          ]
        }
      ]
    },
    {
      "mode": "managed",
      "type": "keycloak_group",
      "name": "nivel_baixo",
      "provider": "provider[\"registry.terraform.io/keycloak/keycloak\"]",
      "instances": [
        {
          "schema_version": 0,
          "attributes": {
            "attributes": {
              "nivel_acesso": "baixo"
            },
            "id": "8c50708e-775f-4f9d-bc4b-710612244571",
            "name": "nivel_baixo",
            "parent_id": null,
            "path": "/nivel_baixo",
            "realm_id": "autentica_realm"
          },
          "sensitive_attributes": [],
          "private": "bnVsbA==",
          "dependencies": [
            "keycloak_realm.autentica_realm"
          ]
        }
      ]
    },
    {
      "mode": "managed",
      "type": "keycloak_group_memberships",
      "name": "joao_em_nivel_alto",
      "provider": "provider[\"registry.terraform.io/keycloak/keycloak\"]",
      "instances": [
        {
          "schema_version": 0,
          "attributes": {
            "group_id": "faac1930-6616-428a-b973-7d6194a7b15e",
            "id": "autentica_realm/group-memberships/faac1930-6616-428a-b973-7d6194a7b15e",
            "members": [
              "joao"
            ],
            "realm_id": "autentica_realm"
          },
          "sensitive_attributes": [],
          "private": "bnVsbA==",
          "dependencies": [
            "keycloak_group.nivel_alto",
            "keycloak_realm.autentica_realm",
            "keycloak_user.joao"
          ]
        }
      ]
    },
    {
      "mode": "managed",
      "type": "keycloak_group_memberships",
      "name": "joaquina_em_nivel_baixo",
      "provider": "provider[\"registry.terraform.io/keycloak/keycloak\"]",
      "instances": [
        {
          "schema_version": 0,
          "attributes": {
            "group_id": "8c50708e-775f-4f9d-bc4b-710612244571",
            "id": "autentica_realm/group-memberships/8c50708e-775f-4f9d-bc4b-710612244571",
            "members": [
              "joaquina"
            ],
            "realm_id": "autentica_realm"
          },
          "sensitive_attributes": [],
          "private": "bnVsbA==",
          "dependencies": [
            "keycloak_group.nivel_baixo",
            "keycloak_realm.autentica_realm",
            "keycloak_user.joaquina"
          ]
        }
      ]
    },
    {
      "mode": "managed",
      "type": "keycloak_openid_client",
      "name": "client_registrador",
      "provider": "provider[\"registry.terraform.io/keycloak/keycloak\"]",
      "instances": [
        {
          "schema_version": 0,
          "attributes": {
            "access_token_lifespan": "",
            "access_type": "CONFIDENTIAL",
            "admin_url": "",
            "always_display_in_console": false,
            "authentication_flow_binding_overrides": [],
            "authorization": [],
            "backchannel_logout_revoke_offline_sessions": false,
            "backchannel_logout_session_required": true,
            "backchannel_logout_url": "",
            "base_url": "",
            "client_authenticator_type": "client-secret",
            "client_id": "registrador",
            "client_offline_session_idle_timeout": "",
            "client_offline_session_max_lifespan": "",
            "client_secret": "secretKey",
            "client_session_idle_timeout": "",
            "client_session_max_lifespan": "",
            "consent_required": false,
            "consent_screen_text": "",
            "description": "",
            "direct_access_grants_enabled": false,
            "display_on_consent_screen": false,
            "enabled": true,
            "exclude_issuer_from_auth_response": null,
            "exclude_session_state_from_auth_response": null,
            "extra_config": {},
            "frontchannel_logout_enabled": false,
            "frontchannel_logout_url": "",
            "full_scope_allowed": true,
            "id": "07c6e13f-ba1d-4880-8175-62464a6af85e",
            "implicit_flow_enabled": false,
            "import": false,
            "login_theme": "",
            "name": "Client Registrador",
            "oauth2_device_authorization_grant_enabled": false,
            "oauth2_device_code_lifespan": "",
            "oauth2_device_polling_interval": "",
            "pkce_code_challenge_method": null,
            "realm_id": "autentica_realm",
            "resource_server_id": null,
            "root_url": "",
            "service_account_user_id": "655a2c6c-1fa4-49d5-b4bf-61a51a0e0da5",
            "service_accounts_enabled": true,
            "standard_flow_enabled": false,
            "use_refresh_tokens": true,
            "use_refresh_tokens_client_credentials": false,
            "valid_post_logout_redirect_uris": [],
            "valid_redirect_uris": [],
            "web_origins": []
          },
          "sensitive_attributes": [
            [
              {
                "type": "get_attr",
                "value": "client_secret"
              }
            ]
          ],
          "private": "bnVsbA==",
          "dependencies": [
            "keycloak_realm.autentica_realm"
          ]
        }
      ]
    },
    {
      "mode": "managed",
      "type": "keycloak_openid_client",
      "name": "cliente_web",
      "provider": "provider[\"registry.terraform.io/keycloak/keycloak\"]",
      "instances": [
        {
          "schema_version": 0,
          "attributes": {
            "access_token_lifespan": "",
            "access_type": "PUBLIC",
            "admin_url": "",
            "always_display_in_console": false,
            "authentication_flow_binding_overrides": [],
            "authorization": [],
            "backchannel_logout_revoke_offline_sessions": false,
            "backchannel_logout_session_required": true,
            "backchannel_logout_url": "",
            "base_url": "",
            "client_authenticator_type": "client-secret",
            "client_id": "oidc-aplicacao",
            "client_offline_session_idle_timeout": "",
            "client_offline_session_max_lifespan": "",
            "client_secret": "",
            "client_session_idle_timeout": "",
            "client_session_max_lifespan": "",
            "consent_required": false,
            "consent_screen_text": "",
            "description": "",
            "direct_access_grants_enabled": true,
            "display_on_consent_screen": false,
            "enabled": true,
            "exclude_issuer_from_auth_response": null,
            "exclude_session_state_from_auth_response": null,
            "extra_config": {},
            "frontchannel_logout_enabled": false,
            "frontchannel_logout_url": "",
            "full_scope_allowed": true,
            "id": "a367446b-17c9-4766-ae52-8c32a5ac24e8",
            "implicit_flow_enabled": false,
            "import": false,
            "login_theme": "",
            "name": "oidc Aplicação",
            "oauth2_device_authorization_grant_enabled": false,
            "oauth2_device_code_lifespan": "",
            "oauth2_device_polling_interval": "",
            "pkce_code_challenge_method": null,
            "realm_id": "autentica_realm",
            "resource_server_id": null,
            "root_url": "http://localhost:3000",
            "service_account_user_id": "",
            "service_accounts_enabled": false,
            "standard_flow_enabled": true,
            "use_refresh_tokens": true,
            "use_refresh_tokens_client_credentials": false,
            "valid_post_logout_redirect_uris": [
              "http://localhost:8000/logout-success.php"
            ],
            "valid_redirect_uris": [
              "http://localhost:8000/*",
              "http://localhost:8000/callback.php"
            ],
            "web_origins": [
              "+"
            ]
          },
          "sensitive_attributes": [
            [
              {
                "type": "get_attr",
                "value": "client_secret"
              }
            ]
          ],
          "private": "bnVsbA==",
          "dependencies": [
            "keycloak_realm.autentica_realm"
          ]
        }
      ]
    },
    {
      "mode": "managed",
      "type": "keycloak_openid_client",
      "name": "dynamic_client_registration",
      "provider": "provider[\"registry.terraform.io/keycloak/keycloak\"]",
      "instances": [
        {
          "schema_version": 0,
          "attributes": {
            "access_token_lifespan": "",
            "access_type": "PUBLIC",
            "admin_url": "",
            "always_display_in_console": false,
            "authentication_flow_binding_overrides": [],
            "authorization": [],
            "backchannel_logout_revoke_offline_sessions": false,
            "backchannel_logout_session_required": true,
            "backchannel_logout_url": "",
            "base_url": "",
            "client_authenticator_type": "client-secret",
            "client_id": "dynamic-client-registration",
            "client_offline_session_idle_timeout": "",
            "client_offline_session_max_lifespan": "",
            "client_secret": "",
            "client_session_idle_timeout": "",
            "client_session_max_lifespan": "",
            "consent_required": false,
            "consent_screen_text": "",
            "description": "",
            "direct_access_grants_enabled": true,
            "display_on_consent_screen": false,
            "enabled": true,
            "exclude_issuer_from_auth_response": null,
            "exclude_session_state_from_auth_response": null,
            "extra_config": {},
            "frontchannel_logout_enabled": false,
            "frontchannel_logout_url": "",
            "full_scope_allowed": true,
            "id": "3733884d-43a9-4bae-a110-03afc1c5cffd",
            "implicit_flow_enabled": false,
            "import": false,
            "login_theme": "",
            "name": "Dynamic Client Registration",
            "oauth2_device_authorization_grant_enabled": false,
            "oauth2_device_code_lifespan": "",
            "oauth2_device_polling_interval": "",
            "pkce_code_challenge_method": null,
            "realm_id": "autentica_realm",
            "resource_server_id": null,
            "root_url": "",
            "service_account_user_id": "",
            "service_accounts_enabled": false,
            "standard_flow_enabled": true,
            "use_refresh_tokens": true,
            "use_refresh_tokens_client_credentials": false,
            "valid_post_logout_redirect_uris": [],
            "valid_redirect_uris": [
              "http://localhost:3000/callback"
            ],
            "web_origins": []
          },
          "sensitive_attributes": [
            [
              {
                "type": "get_attr",
                "value": "client_secret"
              }
            ]
          ],
          "private": "bnVsbA==",
          "dependencies": [
            "keycloak_realm.autentica_realm"
          ]
        }
      ]
    },
    {
      "mode": "managed",
      "type": "keycloak_openid_client_service_account_role",
      "name": "registrador_manage_clients",
      "provider": "provider[\"registry.terraform.io/keycloak/keycloak\"]",
      "instances": [
        {
          "schema_version": 0,
          "attributes": {
            "client_id": "b6341253-c5aa-4247-af4b-48a2877a2b36",
            "id": "655a2c6c-1fa4-49d5-b4bf-61a51a0e0da5/35f24372-c6b2-48ec-a96e-2b569dc3a2b8",
            "realm_id": "autentica_realm",
            "role": "manage-clients",
            "service_account_user_id": "655a2c6c-1fa4-49d5-b4bf-61a51a0e0da5"
          },
          "sensitive_attributes": [],
          "private": "bnVsbA==",
          "dependencies": [
            "data.keycloak_openid_client.realm_management",
            "keycloak_openid_client.client_registrador",
            "keycloak_realm.autentica_realm"
          ]
        }
      ]
    },
    {
      "mode": "managed",
      "type": "keycloak_openid_user_attribute_protocol_mapper",
      "name": "nivel_acesso_mapper",
      "provider": "provider[\"registry.terraform.io/keycloak/keycloak\"]",
      "instances": [
        {
          "schema_version": 0,
          "attributes": {
            "add_to_access_token": true,
            "add_to_id_token": true,
            "add_to_userinfo": true,
            "aggregate_attributes": false,
            "claim_name": "nivel_acesso",
            "claim_value_type": "String",
            "client_id": "a367446b-17c9-4766-ae52-8c32a5ac24e8",
            "client_scope_id": null,
            "id": "8d8c4e10-bebd-4926-aec2-7642e5b34a82",
            "multivalued": false,
            "name": "nivel_acesso",
            "realm_id": "autentica_realm",
            "user_attribute": "nivel_acesso"
          },
          "sensitive_attributes": [],
          "private": "bnVsbA==",
          "dependencies": [
            "keycloak_openid_client.cliente_web",
            "keycloak_realm.autentica_realm"
          ]
        }
      ]
    },
    {
      "mode": "managed",
      "type": "keycloak_realm",
      "name": "autentica_realm",
      "provider": "provider[\"registry.terraform.io/keycloak/keycloak\"]",
      "instances": [
        {
          "schema_version": 0,
          "attributes": {
            "access_code_lifespan": "1m0s",
            "access_code_lifespan_login": "30m0s",
            "access_code_lifespan_user_action": "5m0s",
            "access_token_lifespan": "5m0s",
            "access_token_lifespan_for_implicit_flow": "15m0s",
            "account_theme": "",
            "action_token_generated_by_admin_lifespan": "12h0m0s",
            "action_token_generated_by_user_lifespan": "5m0s",
            "admin_theme": "",
            "attributes": {},
            "browser_flow": "browser",
            "client_authentication_flow": "clients",
            "client_session_idle_timeout": "0s",
            "client_session_max_lifespan": "0s",
            "default_default_client_scopes": [],
            "default_optional_client_scopes": [],
            "default_signature_algorithm": "",
            "direct_grant_flow": "direct grant",
            "display_name": "",
            "display_name_html": "",
            "docker_authentication_flow": "docker auth",
            "duplicate_emails_allowed": false,
            "edit_username_allowed": true,
            "email_theme": "",
            "enabled": true,
            "first_broker_login_flow": "first broker login",
            "id": "autentica_realm",
            "internal_id": "autentica_realm",
            "internationalization": [],
            "login_theme": "keycloak",
            "login_with_email_allowed": true,
            "oauth2_device_code_lifespan": "10m0s",
            "oauth2_device_polling_interval": 5,
            "offline_session_idle_timeout": "720h0m0s",
            "offline_session_max_lifespan": "1440h0m0s",
            "offline_session_max_lifespan_enabled": false,
            "organizations_enabled": false,
            "otp_policy": [
              {
                "algorithm": "HmacSHA1",
                "digits": 6,
                "initial_counter": 0,
                "look_ahead_window": 1,
                "period": 30,
                "type": "totp"
              }
            ],
            "password_policy": "",
            "realm": "autentica_realm",
            "refresh_token_max_reuse": 0,
            "registration_allowed": true,
            "registration_email_as_username": false,
            "registration_flow": "registration",
            "remember_me": true,
            "reset_credentials_flow": "reset credentials",
            "reset_password_allowed": true,
            "revoke_refresh_token": false,
            "security_defenses": [],
            "smtp_server": [],
            "ssl_required": "external",
            "sso_session_idle_timeout": "30m0s",
            "sso_session_idle_timeout_remember_me": "0s",
            "sso_session_max_lifespan": "10h0m0s",
            "sso_session_max_lifespan_remember_me": "0s",
            "user_managed_access": false,
            "verify_email": false,
            "web_authn_passwordless_policy": [
              {
                "acceptable_aaguids": [],
                "attestation_conveyance_preference": "not specified",
                "authenticator_attachment": "not specified",
                "avoid_same_authenticator_register": false,
                "create_timeout": 0,
                "extra_origins": [],
                "relying_party_entity_name": "keycloak",
                "relying_party_id": "",
                "require_resident_key": "not specified",
                "signature_algorithms": [
                  "ES256",
                  "RS256"
                ],
                "user_verification_requirement": "not specified"
              }
            ],
            "web_authn_policy": [
              {
                "acceptable_aaguids": [],
                "attestation_conveyance_preference": "not specified",
                "authenticator_attachment": "not specified",
                "avoid_same_authenticator_register": false,
                "create_timeout": 0,
                "extra_origins": [],
                "relying_party_entity_name": "keycloak",
                "relying_party_id": "",
                "require_resident_key": "not specified",
                "signature_algorithms": [
                  "ES256",
                  "RS256"
                ],
                "user_verification_requirement": "not specified"
              }
            ]
          },
          "sensitive_attributes": [],
          "private": "bnVsbA=="
        }
      ]
    },
    {
      "mode": "managed",
      "type": "keycloak_user",
      "name": "joao",
      "provider": "provider[\"registry.terraform.io/keycloak/keycloak\"]",
      "instances": [
        {
          "schema_version": 0,
          "attributes": {
            "attributes": {
              "nivel_acesso": "alto"
            },
            "email": "joao@user.com",
            "email_verified": false,
            "enabled": true,
            "federated_identity": [],
            "first_name": "João",
            "id": "6c8770b4-39fd-4499-9d50-a8eb3184695d",
            "import": false,
            "initial_password": [
              {
                "temporary": false,
                "value": "123"
              }
            ],
            "last_name": "Silva",
            "realm_id": "autentica_realm",
            "required_actions": [],
            "username": "joao"
          },
          "sensitive_attributes": [
            [
              {
                "type": "get_attr",
                "value": "initial_password"
              },
              {
                "type": "index",
                "value": {
                  "value": 0,
                  "type": "number"
                }
              },
              {
                "type": "get_attr",
                "value": "value"
              }
            ]
          ],
          "private": "bnVsbA==",
          "dependencies": [
            "keycloak_realm.autentica_realm"
          ]
        }
      ]
    },
    {
      "mode": "managed",
      "type": "keycloak_user",
      "name": "joaquina",
      "provider": "provider[\"registry.terraform.io/keycloak/keycloak\"]",
      "instances": [
        {
          "schema_version": 0,
          "attributes": {
            "attributes": {
              "nivel_acesso": "baixo"
            },
            "email": "joaquina@user.com",
            "email_verified": false,
            "enabled": true,
            "federated_identity": [],
            "first_name": "Joaquina",
            "id": "982939fe-dc65-4d38-bdc7-04f66fb8ef66",
            "import": false,
            "initial_password": [
              {
                "temporary": false,
                "value": "1234"
              }
            ],
            "last_name": "Oliveira",
            "realm_id": "autentica_realm",
            "required_actions": [],
            "username": "joaquina"
          },
          "sensitive_attributes": [
            [
              {
                "type": "get_attr",
                "value": "initial_password"
              },
              {
                "type": "index",
                "value": {
                  "value": 0,
                  "type": "number"
                }
              },
              {
                "type": "get_attr",
                "value": "value"
              }
            ]
          ],
          "private": "bnVsbA==",
          "dependencies": [
            "keycloak_realm.autentica_realm"
          ]
        }
      ]
    },
    {
      "mode": "managed",
      "type": "keycloak_user_roles",
      "name": "joao_roles",
      "provider": "provider[\"registry.terraform.io/keycloak/keycloak\"]",
      "instances": [
        {
          "schema_version": 0,
          "attributes": {
            "exhaustive": true,
            "id": "autentica_realm/6c8770b4-39fd-4499-9d50-a8eb3184695d",
            "realm_id": "autentica_realm",
            "role_ids": [
              "e891916e-4c6f-4001-948a-b280b4b8cd47"
            ],
            "user_id": "6c8770b4-39fd-4499-9d50-a8eb3184695d"
          },
          "sensitive_attributes": [],
          "private": "bnVsbA==",
          "dependencies": [
            "data.keycloak_role.default_roles",
            "keycloak_realm.autentica_realm",
            "keycloak_user.joao"
          ]
        }
      ]
    },
    {
      "mode": "managed",
      "type": "keycloak_user_roles",
      "name": "joaquina_roles",
      "provider": "provider[\"registry.terraform.io/keycloak/keycloak\"]",
      "instances": [
        {
          "schema_version": 0,
          "attributes": {
            "exhaustive": true,
            "id": "autentica_realm/982939fe-dc65-4d38-bdc7-04f66fb8ef66",
            "realm_id": "autentica_realm",
            "role_ids": [
              "e891916e-4c6f-4001-948a-b280b4b8cd47"
            ],
            "user_id": "982939fe-dc65-4d38-bdc7-04f66fb8ef66"
          },
          "sensitive_attributes": [],
          "private": "bnVsbA==",
          "dependencies": [
            "data.keycloak_role.default_roles",
            "keycloak_realm.autentica_realm",
            "keycloak_user.joaquina"
          ]
        }
      ]
    }
  ],
  "check_results": null
}
